<?xml version="1.0" encoding="UTF-8"?>
<Scheme
   version = "1.3">
   <BuildAction>
      <BuildActionEntries>
         <BuildActionEntry
            buildForRunning = "YES">
            <BuildableReference
               BuildableIdentifier = "primary"
               BlueprintIdentifier = "D5171838207D473D00493F46"
               BuildableName = "CustomSliderExample.app"
               BlueprintName = "CustomSliderExample"
               ReferencedContainer = "container:CustomSliderExample.xcodeproj">
            </BuildableReference>
         </BuildActionEntry>
      </BuildActionEntries>
   </BuildAction>
   <LaunchAction
      useCustomWorkingDirectory = "NO"
      buildConfiguration = "Debug">
      <BuildableProductRunnable>
         <BuildableReference
            BuildableIdentifier = "primary"
            BlueprintIdentifier = "D5171838207D473D00493F46"
            BuildableName = "CustomSliderExample.app"
            BlueprintName = "CustomSliderExample"
            ReferencedContainer = "container:CustomSliderExample.xcodeproj">
         </BuildableReference>
      </BuildableProductRunnable>
   </LaunchAction>
</Scheme>
